// !$*UTF8*$!
{
	archiveVersion = 1;
	classes = {
	};
	objectVersion = 46;
	objects = {

/* Begin PBXBuildFile section */
		7B05A6C5172C2DE10042B505 /* Host.m in Sources */ = {isa = PBXBuildFile; fileRef = 7B05A6C4172C2DE10042B505 /* Host.m */; };
		7B05A6CB172C4F4F0042B505 /* PingViewController.m in Sources */ = {isa = PBXBuildFile; fileRef = 7B05A6CA172C4F4F0042B505 /* PingViewController.m */; };
		7B05A6D7172D33A60042B505 /* CFNetwork.framework in Frameworks */ = {isa = PBXBuildFile; fileRef = 7B05A6D3172D32E50042B505 /* CFNetwork.framework */; };
		7B05A6D8172D34460042B505 /* SimplePing.m in Sources */ = {isa = PBXBuildFile; fileRef = 7B05A6D6172D334D0042B505 /* SimplePing.m */; };
		7B389BBE172A4CC7006B7E43 /* home.png in Resources */ = {isa = PBXBuildFile; fileRef = 7B389BBD172A4CC7006B7E43 /* home.png */; };
		7B389C56172A8045006B7E43 /* SystemConfiguration.framework in Frameworks */ = {isa = PBXBuildFile; fileRef = 7B389C55172A8045006B7E43 /* SystemConfiguration.framework */; };
		7B45C4951722C65000F18634 /* LocalHost.m in Sources */ = {isa = PBXBuildFile; fileRef = 7B45C4941722C65000F18634 /* LocalHost.m */; };
		7B45C4A81722DC1400F18634 /* information.png in Resources */ = {isa = PBXBuildFile; fileRef = 7B45C49A1722DC1300F18634 /* information.png */; };
		7B45C4AF1722DC1400F18634 /* airport114x114.png in Resources */ = {isa = PBXBuildFile; fileRef = 7B45C4A11722DC1300F18634 /* airport114x114.png */; };
		7B45C4B01722DC1400F18634 /* info114x114.png in Resources */ = {isa = PBXBuildFile; fileRef = 7B45C4A21722DC1300F18634 /* info114x114.png */; };
		7B45C4B11722DC1400F18634 /* airport72x72.png in Resources */ = {isa = PBXBuildFile; fileRef = 7B45C4A31722DC1300F18634 /* airport72x72.png */; };
		7B45C4B21722DC1400F18634 /* utilities72.png in Resources */ = {isa = PBXBuildFile; fileRef = 7B45C4A41722DC1300F18634 /* utilities72.png */; };
		7B45C4B31722DC1400F18634 /* utilities114x114.png in Resources */ = {isa = PBXBuildFile; fileRef = 7B45C4A51722DC1300F18634 /* utilities114x114.png */; };
		7B45C4B41722DC1400F18634 /* amber_dot.png in Resources */ = {isa = PBXBuildFile; fileRef = 7B45C4A61722DC1300F18634 /* amber_dot.png */; };
		7B45C4B91722FE5700F18634 /* Reachability.m in Sources */ = {isa = PBXBuildFile; fileRef = 7B45C4B81722F6BD00F18634 /* Reachability.m */; settings = {COMPILER_FLAGS = "-fno-objc-arc"; }; };
		7B60D5E41723CCD700ED9C42 /* LanViewController.m in Sources */ = {isa = PBXBuildFile; fileRef = 7B60D5E31723CCD600ED9C42 /* LanViewController.m */; };
		7B60D61A1723D4C800ED9C42 /* InformationViewController.m in Sources */ = {isa = PBXBuildFile; fileRef = 7B60D6191723D4C800ED9C42 /* InformationViewController.m */; };
		7B60D61C1723EAAC00ED9C42 /* gray_dot.png in Resources */ = {isa = PBXBuildFile; fileRef = 7B60D61B1723EAAC00ED9C42 /* gray_dot.png */; };
		7B60D61E1723ED9900ED9C42 /* pc.png in Resources */ = {isa = PBXBuildFile; fileRef = 7B60D61D1723ED9900ED9C42 /* pc.png */; };
		7B60D6201723EDA400ED9C42 /* apple.png in Resources */ = {isa = PBXBuildFile; fileRef = 7B60D61F1723EDA400ED9C42 /* apple.png */; };
		7BBB68D4170E15B60088426F /* UIKit.framework in Frameworks */ = {isa = PBXBuildFile; fileRef = 7BBB68D3170E15B60088426F /* UIKit.framework */; };
		7BBB68D6170E15B60088426F /* Foundation.framework in Frameworks */ = {isa = PBXBuildFile; fileRef = 7BBB68D5170E15B60088426F /* Foundation.framework */; };
		7BBB68D8170E15B60088426F /* CoreGraphics.framework in Frameworks */ = {isa = PBXBuildFile; fileRef = 7BBB68D7170E15B60088426F /* CoreGraphics.framework */; };
		7BBB68DA170E15B60088426F /* CoreData.framework in Frameworks */ = {isa = PBXBuildFile; fileRef = 7BBB68D9170E15B60088426F /* CoreData.framework */; };
		7BBB68E0170E15B60088426F /* InfoPlist.strings in Resources */ = {isa = PBXBuildFile; fileRef = 7BBB68DE170E15B60088426F /* InfoPlist.strings */; };
		7BBB68E2170E15B60088426F /* main.m in Sources */ = {isa = PBXBuildFile; fileRef = 7BBB68E1170E15B60088426F /* main.m */; };
		7BBB68E6170E15B60088426F /* AppDelegate.m in Sources */ = {isa = PBXBuildFile; fileRef = 7BBB68E5170E15B60088426F /* AppDelegate.m */; };
		7BBB68E8170E15B70088426F /* Default.png in Resources */ = {isa = PBXBuildFile; fileRef = 7BBB68E7170E15B70088426F /* Default.png */; };
		7BBB68EA170E15B70088426F /* Default@2x.png in Resources */ = {isa = PBXBuildFile; fileRef = 7BBB68E9170E15B70088426F /* Default@2x.png */; };
		7BBB68EC170E15B70088426F /* Default-568h@2x.png in Resources */ = {isa = PBXBuildFile; fileRef = 7BBB68EB170E15B70088426F /* Default-568h@2x.png */; };
		7BBB68EF170E15B70088426F /* MainStoryboard_iPhone.storyboard in Resources */ = {isa = PBXBuildFile; fileRef = 7BBB68ED170E15B70088426F /* MainStoryboard_iPhone.storyboard */; };
		7BBB68F2170E15B70088426F /* MainStoryboard_iPad.storyboard in Resources */ = {isa = PBXBuildFile; fileRef = 7BBB68F0170E15B70088426F /* MainStoryboard_iPad.storyboard */; };
		7BBB68F5170E15B70088426F /* NetworkScanner.xcdatamodeld in Sources */ = {isa = PBXBuildFile; fileRef = 7BBB68F3170E15B70088426F /* NetworkScanner.xcdatamodeld */; };
		7BBB68F8170E15B70088426F /* MasterViewController.m in Sources */ = {isa = PBXBuildFile; fileRef = 7BBB68F7170E15B70088426F /* MasterViewController.m */; };
		7BBB68FB170E15B70088426F /* DetailViewController.m in Sources */ = {isa = PBXBuildFile; fileRef = 7BBB68FA170E15B70088426F /* DetailViewController.m */; };
		7BBB6908170E18920088426F /* information.png in Resources */ = {isa = PBXBuildFile; fileRef = 7BBB6904170E18920088426F /* information.png */; };
		7BBB694B170EF6EB0088426F /* AboutViewController.m in Sources */ = {isa = PBXBuildFile; fileRef = 7BBB694A170EF6EA0088426F /* AboutViewController.m */; };
		7BBB6951170F467A0088426F /* red_dot.png in Resources */ = {isa = PBXBuildFile; fileRef = 7BBB694F170F467A0088426F /* red_dot.png */; };
		7BBB6952170F467A0088426F /* green_dot.png in Resources */ = {isa = PBXBuildFile; fileRef = 7BBB6950170F467A0088426F /* green_dot.png */; };
		7BBB695E170F52AE0088426F /* network_scanner_icon_72.png in Resources */ = {isa = PBXBuildFile; fileRef = 7BBB695D170F52AE0088426F /* network_scanner_icon_72.png */; };
		7BBB6960170F53620088426F /* network_scanner_icon_114.png in Resources */ = {isa = PBXBuildFile; fileRef = 7BBB695F170F53610088426F /* network_scanner_icon_114.png */; };
/* End PBXBuildFile section */

/* Begin PBXFileReference section */
		7B05A6C3172C2DE10042B505 /* Host.h */ = {isa = PBXFileReference; fileEncoding = 4; lastKnownFileType = sourcecode.c.h; path = Host.h; sourceTree = "<group>"; };
		7B05A6C4172C2DE10042B505 /* Host.m */ = {isa = PBXFileReference; fileEncoding = 4; lastKnownFileType = sourcecode.c.objc; path = Host.m; sourceTree = "<group>"; };
		7B05A6C9172C4F4F0042B505 /* PingViewController.h */ = {isa = PBXFileReference; fileEncoding = 4; lastKnownFileType = sourcecode.c.h; name = PingViewController.h; path = ../PingViewController.h; sourceTree = "<group>"; };
		7B05A6CA172C4F4F0042B505 /* PingViewController.m */ = {isa = PBXFileReference; fileEncoding = 4; lastKnownFileType = sourcecode.c.objc; name = PingViewController.m; path = ../PingViewController.m; sourceTree = "<group>"; };
		7B05A6D3172D32E50042B505 /* CFNetwork.framework */ = {isa = PBXFileReference; lastKnownFileType = wrapper.framework; name = CFNetwork.framework; path = System/Library/Frameworks/CFNetwork.framework; sourceTree = SDKROOT; };
		7B05A6D5172D334D0042B505 /* SimplePing.h */ = {isa = PBXFileReference; lastKnownFileType = sourcecode.c.h; path = SimplePing.h; sourceTree = "<group>"; };
		7B05A6D6172D334D0042B505 /* SimplePing.m */ = {isa = PBXFileReference; lastKnownFileType = sourcecode.c.objc; path = SimplePing.m; sourceTree = "<group>"; };
		7B389BBD172A4CC7006B7E43 /* home.png */ = {isa = PBXFileReference; lastKnownFileType = image.png; path = home.png; sourceTree = "<group>"; };
		7B389C55172A8045006B7E43 /* SystemConfiguration.framework */ = {isa = PBXFileReference; lastKnownFileType = wrapper.framework; name = SystemConfiguration.framework; path = System/Library/Frameworks/SystemConfiguration.framework; sourceTree = SDKROOT; };
		7B45C4931722C65000F18634 /* LocalHost.h */ = {isa = PBXFileReference; fileEncoding = 4; lastKnownFileType = sourcecode.c.h; name = LocalHost.h; path = NetworkScanner/LocalHost.h; sourceTree = "<group>"; };
		7B45C4941722C65000F18634 /* LocalHost.m */ = {isa = PBXFileReference; fileEncoding = 4; lastKnownFileType = sourcecode.c.objc; name = LocalHost.m; path = NetworkScanner/LocalHost.m; sourceTree = "<group>"; };
		7B45C49A1722DC1300F18634 /* information.png */ = {isa = PBXFileReference; lastKnownFileType = image.png; path = information.png; sourceTree = "<group>"; };
		7B45C4A11722DC1300F18634 /* airport114x114.png */ = {isa = PBXFileReference; lastKnownFileType = image.png; path = airport114x114.png; sourceTree = "<group>"; };
		7B45C4A21722DC1300F18634 /* info114x114.png */ = {isa = PBXFileReference; lastKnownFileType = image.png; path = info114x114.png; sourceTree = "<group>"; };
		7B45C4A31722DC1300F18634 /* airport72x72.png */ = {isa = PBXFileReference; lastKnownFileType = image.png; path = airport72x72.png; sourceTree = "<group>"; };
		7B45C4A41722DC1300F18634 /* utilities72.png */ = {isa = PBXFileReference; lastKnownFileType = image.png; path = utilities72.png; sourceTree = "<group>"; };
		7B45C4A51722DC1300F18634 /* utilities114x114.png */ = {isa = PBXFileReference; lastKnownFileType = image.png; path = utilities114x114.png; sourceTree = "<group>"; };
		7B45C4A61722DC1300F18634 /* amber_dot.png */ = {isa = PBXFileReference; lastKnownFileType = image.png; path = amber_dot.png; sourceTree = "<group>"; };
		7B45C4B71722F6BC00F18634 /* Reachability.h */ = {isa = PBXFileReference; lastKnownFileType = sourcecode.c.h; path = Reachability.h; sourceTree = "<group>"; };
		7B45C4B81722F6BD00F18634 /* Reachability.m */ = {isa = PBXFileReference; lastKnownFileType = sourcecode.c.objc; path = Reachability.m; sourceTree = "<group>"; };
		7B60D5E21723CCD600ED9C42 /* LanViewController.h */ = {isa = PBXFileReference; fileEncoding = 4; lastKnownFileType = sourcecode.c.h; path = LanViewController.h; sourceTree = "<group>"; };
		7B60D5E31723CCD600ED9C42 /* LanViewController.m */ = {isa = PBXFileReference; fileEncoding = 4; lastKnownFileType = sourcecode.c.objc; path = LanViewController.m; sourceTree = "<group>"; };
		7B60D6181723D4C200ED9C42 /* InformationViewController.h */ = {isa = PBXFileReference; fileEncoding = 4; lastKnownFileType = sourcecode.c.h; path = InformationViewController.h; sourceTree = "<group>"; };
		7B60D6191723D4C800ED9C42 /* InformationViewController.m */ = {isa = PBXFileReference; fileEncoding = 4; lastKnownFileType = sourcecode.c.objc; path = InformationViewController.m; sourceTree = "<group>"; };
		7B60D61B1723EAAC00ED9C42 /* gray_dot.png */ = {isa = PBXFileReference; lastKnownFileType = image.png; path = gray_dot.png; sourceTree = "<group>"; };
		7B60D61D1723ED9900ED9C42 /* pc.png */ = {isa = PBXFileReference; lastKnownFileType = image.png; path = pc.png; sourceTree = "<group>"; };
		7B60D61F1723EDA400ED9C42 /* apple.png */ = {isa = PBXFileReference; lastKnownFileType = image.png; path = apple.png; sourceTree = "<group>"; };
		7BBB68D0170E15B60088426F /* NetworkScanner.app */ = {isa = PBXFileReference; explicitFileType = wrapper.application; includeInIndex = 0; path = NetworkScanner.app; sourceTree = BUILT_PRODUCTS_DIR; };
		7BBB68D3170E15B60088426F /* UIKit.framework */ = {isa = PBXFileReference; lastKnownFileType = wrapper.framework; name = UIKit.framework; path = System/Library/Frameworks/UIKit.framework; sourceTree = SDKROOT; };
		7BBB68D5170E15B60088426F /* Foundation.framework */ = {isa = PBXFileReference; lastKnownFileType = wrapper.framework; name = Foundation.framework; path = System/Library/Frameworks/Foundation.framework; sourceTree = SDKROOT; };
		7BBB68D7170E15B60088426F /* CoreGraphics.framework */ = {isa = PBXFileReference; lastKnownFileType = wrapper.framework; name = CoreGraphics.framework; path = System/Library/Frameworks/CoreGraphics.framework; sourceTree = SDKROOT; };
		7BBB68D9170E15B60088426F /* CoreData.framework */ = {isa = PBXFileReference; lastKnownFileType = wrapper.framework; name = CoreData.framework; path = System/Library/Frameworks/CoreData.framework; sourceTree = SDKROOT; };
		7BBB68DD170E15B60088426F /* NetworkScanner-Info.plist */ = {isa = PBXFileReference; lastKnownFileType = text.plist.xml; path = "NetworkScanner-Info.plist"; sourceTree = "<group>"; };
		7BBB68DF170E15B60088426F /* en */ = {isa = PBXFileReference; lastKnownFileType = text.plist.strings; name = en; path = en.lproj/InfoPlist.strings; sourceTree = "<group>"; };
		7BBB68E1170E15B60088426F /* main.m */ = {isa = PBXFileReference; lastKnownFileType = sourcecode.c.objc; path = main.m; sourceTree = "<group>"; };
		7BBB68E3170E15B60088426F /* NetworkScanner-Prefix.pch */ = {isa = PBXFileReference; lastKnownFileType = sourcecode.c.h; path = "NetworkScanner-Prefix.pch"; sourceTree = "<group>"; };
		7BBB68E4170E15B60088426F /* AppDelegate.h */ = {isa = PBXFileReference; lastKnownFileType = sourcecode.c.h; path = AppDelegate.h; sourceTree = "<group>"; };
		7BBB68E5170E15B60088426F /* AppDelegate.m */ = {isa = PBXFileReference; lastKnownFileType = sourcecode.c.objc; path = AppDelegate.m; sourceTree = "<group>"; };
		7BBB68E7170E15B70088426F /* Default.png */ = {isa = PBXFileReference; lastKnownFileType = image.png; path = Default.png; sourceTree = "<group>"; };
		7BBB68E9170E15B70088426F /* Default@2x.png */ = {isa = PBXFileReference; lastKnownFileType = image.png; path = "Default@2x.png"; sourceTree = "<group>"; };
		7BBB68EB170E15B70088426F /* Default-568h@2x.png */ = {isa = PBXFileReference; lastKnownFileType = image.png; path = "Default-568h@2x.png"; sourceTree = "<group>"; };
		7BBB68EE170E15B70088426F /* en */ = {isa = PBXFileReference; lastKnownFileType = file.storyboard; name = en; path = en.lproj/MainStoryboard_iPhone.storyboard; sourceTree = "<group>"; };
		7BBB68F1170E15B70088426F /* en */ = {isa = PBXFileReference; lastKnownFileType = file.storyboard; name = en; path = en.lproj/MainStoryboard_iPad.storyboard; sourceTree = "<group>"; };
		7BBB68F4170E15B70088426F /* NetworkScanner.xcdatamodel */ = {isa = PBXFileReference; lastKnownFileType = wrapper.xcdatamodel; path = NetworkScanner.xcdatamodel; sourceTree = "<group>"; };
		7BBB68F6170E15B70088426F /* MasterViewController.h */ = {isa = PBXFileReference; lastKnownFileType = sourcecode.c.h; path = MasterViewController.h; sourceTree = "<group>"; };
		7BBB68F7170E15B70088426F /* MasterViewController.m */ = {isa = PBXFileReference; lastKnownFileType = sourcecode.c.objc; path = MasterViewController.m; sourceTree = "<group>"; };
		7BBB68F9170E15B70088426F /* DetailViewController.h */ = {isa = PBXFileReference; lastKnownFileType = sourcecode.c.h; path = DetailViewController.h; sourceTree = "<group>"; };
		7BBB68FA170E15B70088426F /* DetailViewController.m */ = {isa = PBXFileReference; lastKnownFileType = sourcecode.c.objc; path = DetailViewController.m; sourceTree = "<group>"; };
		7BBB6904170E18920088426F /* information.png */ = {isa = PBXFileReference; lastKnownFileType = image.png; path = information.png; sourceTree = "<group>"; };
		7BBB6949170EF6E90088426F /* AboutViewController.h */ = {isa = PBXFileReference; fileEncoding = 4; lastKnownFileType = sourcecode.c.h; path = AboutViewController.h; sourceTree = "<group>"; };
		7BBB694A170EF6EA0088426F /* AboutViewController.m */ = {isa = PBXFileReference; fileEncoding = 4; lastKnownFileType = sourcecode.c.objc; path = AboutViewController.m; sourceTree = "<group>"; };
		7BBB694F170F467A0088426F /* red_dot.png */ = {isa = PBXFileReference; lastKnownFileType = image.png; path = red_dot.png; sourceTree = "<group>"; };
		7BBB6950170F467A0088426F /* green_dot.png */ = {isa = PBXFileReference; lastKnownFileType = image.png; path = green_dot.png; sourceTree = "<group>"; };
		7BBB695D170F52AE0088426F /* network_scanner_icon_72.png */ = {isa = PBXFileReference; lastKnownFileType = image.png; path = network_scanner_icon_72.png; sourceTree = "<group>"; };
		7BBB695F170F53610088426F /* network_scanner_icon_114.png */ = {isa = PBXFileReference; lastKnownFileType = image.png; path = network_scanner_icon_114.png; sourceTree = "<group>"; };
/* End PBXFileReference section */

/* Begin PBXFrameworksBuildPhase section */
		7BBB68CD170E15B60088426F /* Frameworks */ = {
			isa = PBXFrameworksBuildPhase;
			buildActionMask = 2147483647;
			files = (
				7B05A6D7172D33A60042B505 /* CFNetwork.framework in Frameworks */,
				7B389C56172A8045006B7E43 /* SystemConfiguration.framework in Frameworks */,
				7BBB68D4170E15B60088426F /* UIKit.framework in Frameworks */,
				7BBB68D6170E15B60088426F /* Foundation.framework in Frameworks */,
				7BBB68D8170E15B60088426F /* CoreGraphics.framework in Frameworks */,
				7BBB68DA170E15B60088426F /* CoreData.framework in Frameworks */,
			);
			runOnlyForDeploymentPostprocessing = 0;
		};
/* End PBXFrameworksBuildPhase section */

/* Begin PBXGroup section */
		7B45C4961722C65E00F18634 /* Classes */ = {
			isa = PBXGroup;
			children = (
				7B45C4931722C65000F18634 /* LocalHost.h */,
				7B45C4941722C65000F18634 /* LocalHost.m */,
				7B45C4B71722F6BC00F18634 /* Reachability.h */,
				7B45C4B81722F6BD00F18634 /* Reachability.m */,
				7B05A6C3172C2DE10042B505 /* Host.h */,
				7B05A6C4172C2DE10042B505 /* Host.m */,
				7B05A6D5172D334D0042B505 /* SimplePing.h */,
				7B05A6D6172D334D0042B505 /* SimplePing.m */,
			);
			name = Classes;
			sourceTree = "<group>";
		};
		7BBB68C7170E15B60088426F = {
			isa = PBXGroup;
			children = (
				7B45C4961722C65E00F18634 /* Classes */,
				7BBB68DB170E15B60088426F /* NetworkScanner */,
				7BBB68D2170E15B60088426F /* Frameworks */,
				7BBB68D1170E15B60088426F /* Products */,
			);
			sourceTree = "<group>";
		};
		7BBB68D1170E15B60088426F /* Products */ = {
			isa = PBXGroup;
			children = (
				7BBB68D0170E15B60088426F /* NetworkScanner.app */,
			);
			name = Products;
			sourceTree = "<group>";
		};
		7BBB68D2170E15B60088426F /* Frameworks */ = {
			isa = PBXGroup;
			children = (
				7B05A6D3172D32E50042B505 /* CFNetwork.framework */,
				7B389C55172A8045006B7E43 /* SystemConfiguration.framework */,
				7BBB68D3170E15B60088426F /* UIKit.framework */,
				7BBB68D5170E15B60088426F /* Foundation.framework */,
				7BBB68D7170E15B60088426F /* CoreGraphics.framework */,
				7BBB68D9170E15B60088426F /* CoreData.framework */,
			);
			name = Frameworks;
			sourceTree = "<group>";
		};
		7BBB68DB170E15B60088426F /* NetworkScanner */ = {
			isa = PBXGroup;
			children = (
				7BBB6949170EF6E90088426F /* AboutViewController.h */,
				7BBB694A170EF6EA0088426F /* AboutViewController.m */,
				7B60D6181723D4C200ED9C42 /* InformationViewController.h */,
				7B60D6191723D4C800ED9C42 /* InformationViewController.m */,
				7BBB68E4170E15B60088426F /* AppDelegate.h */,
				7BBB68E5170E15B60088426F /* AppDelegate.m */,
				7B60D5E21723CCD600ED9C42 /* LanViewController.h */,
				7B60D5E31723CCD600ED9C42 /* LanViewController.m */,
				7BBB68ED170E15B70088426F /* MainStoryboard_iPhone.storyboard */,
				7BBB68F0170E15B70088426F /* MainStoryboard_iPad.storyboard */,
				7BBB68F6170E15B70088426F /* MasterViewController.h */,
				7BBB68F7170E15B70088426F /* MasterViewController.m */,
				7BBB68F9170E15B70088426F /* DetailViewController.h */,
				7BBB68FA170E15B70088426F /* DetailViewController.m */,
				7B05A6C9172C4F4F0042B505 /* PingViewController.h */,
				7B05A6CA172C4F4F0042B505 /* PingViewController.m */,
				7BBB68F3170E15B70088426F /* NetworkScanner.xcdatamodeld */,
				7BBB6901170E18140088426F /* Resources */,
				7BBB68DC170E15B60088426F /* Supporting Files */,
			);
			path = NetworkScanner;
			sourceTree = "<group>";
		};
		7BBB68DC170E15B60088426F /* Supporting Files */ = {
			isa = PBXGroup;
			children = (
				7BBB68DD170E15B60088426F /* NetworkScanner-Info.plist */,
				7BBB68DE170E15B60088426F /* InfoPlist.strings */,
				7BBB68E1170E15B60088426F /* main.m */,
				7BBB68E3170E15B60088426F /* NetworkScanner-Prefix.pch */,
				7BBB68E7170E15B70088426F /* Default.png */,
				7BBB68E9170E15B70088426F /* Default@2x.png */,
				7BBB68EB170E15B70088426F /* Default-568h@2x.png */,
			);
			name = "Supporting Files";
			sourceTree = "<group>";
		};
		7BBB6901170E18140088426F /* Resources */ = {
			isa = PBXGroup;
			children = (
				7BBB6902170E181C0088426F /* Images */,
			);
			name = Resources;
			path = ..;
			sourceTree = "<group>";
		};
		7BBB6902170E181C0088426F /* Images */ = {
			isa = PBXGroup;
			children = (
				7B389BBD172A4CC7006B7E43 /* home.png */,
				7B60D61F1723EDA400ED9C42 /* apple.png */,
				7B60D61D1723ED9900ED9C42 /* pc.png */,
				7B60D61B1723EAAC00ED9C42 /* gray_dot.png */,
				7BBB695F170F53610088426F /* network_scanner_icon_114.png */,
				7BBB695D170F52AE0088426F /* network_scanner_icon_72.png */,
				7BBB694F170F467A0088426F /* red_dot.png */,
				7B45C4A61722DC1300F18634 /* amber_dot.png */,
				7BBB6950170F467A0088426F /* green_dot.png */,
				7BBB6904170E18920088426F /* information.png */,
				7B45C49A1722DC1300F18634 /* information.png */,
				7B45C4A31722DC1300F18634 /* airport72x72.png */,
				7B45C4A11722DC1300F18634 /* airport114x114.png */,
				7B45C4A21722DC1300F18634 /* info114x114.png */,
				7B45C4A41722DC1300F18634 /* utilities72.png */,
				7B45C4A51722DC1300F18634 /* utilities114x114.png */,
			);
			name = Images;
			sourceTree = "<group>";
		};
/* End PBXGroup section */

/* Begin PBXNativeTarget section */
		7BBB68CF170E15B60088426F /* NetworkScanner */ = {
			isa = PBXNativeTarget;
			buildConfigurationList = 7BBB68FE170E15B70088426F /* Build configuration list for PBXNativeTarget "NetworkScanner" */;
			buildPhases = (
				7BBB68CC170E15B60088426F /* Sources */,
				7BBB68CD170E15B60088426F /* Frameworks */,
				7BBB68CE170E15B60088426F /* Resources */,
			);
			buildRules = (
			);
			dependencies = (
			);
			name = NetworkScanner;
			productName = NetworkScanner;
			productReference = 7BBB68D0170E15B60088426F /* NetworkScanner.app */;
			productType = "com.apple.product-type.application";
		};
/* End PBXNativeTarget section */

/* Begin PBXProject section */
		7BBB68C8170E15B60088426F /* Project object */ = {
			isa = PBXProject;
			attributes = {
				LastUpgradeCheck = 0460;
				ORGANIZATIONNAME = "Mark Feeney";
			};
			buildConfigurationList = 7BBB68CB170E15B60088426F /* Build configuration list for PBXProject "NetworkScanner" */;
			compatibilityVersion = "Xcode 3.2";
			developmentRegion = English;
			hasScannedForEncodings = 0;
			knownRegions = (
				en,
			);
			mainGroup = 7BBB68C7170E15B60088426F;
			productRefGroup = 7BBB68D1170E15B60088426F /* Products */;
			projectDirPath = "";
			projectRoot = "";
			targets = (
				7BBB68CF170E15B60088426F /* NetworkScanner */,
			);
		};
/* End PBXProject section */

/* Begin PBXResourcesBuildPhase section */
		7BBB68CE170E15B60088426F /* Resources */ = {
			isa = PBXResourcesBuildPhase;
			buildActionMask = 2147483647;
			files = (
				7BBB68E0170E15B60088426F /* InfoPlist.strings in Resources */,
				7BBB68E8170E15B70088426F /* Default.png in Resources */,
				7BBB68EA170E15B70088426F /* Default@2x.png in Resources */,
				7BBB68EC170E15B70088426F /* Default-568h@2x.png in Resources */,
				7BBB68EF170E15B70088426F /* MainStoryboard_iPhone.storyboard in Resources */,
				7BBB68F2170E15B70088426F /* MainStoryboard_iPad.storyboard in Resources */,
				7BBB6908170E18920088426F /* information.png in Resources */,
				7BBB6951170F467A0088426F /* red_dot.png in Resources */,
				7BBB6952170F467A0088426F /* green_dot.png in Resources */,
				7BBB695E170F52AE0088426F /* network_scanner_icon_72.png in Resources */,
				7BBB6960170F53620088426F /* network_scanner_icon_114.png in Resources */,
				7B45C4A81722DC1400F18634 /* information.png in Resources */,
				7B45C4AF1722DC1400F18634 /* airport114x114.png in Resources */,
				7B45C4B01722DC1400F18634 /* info114x114.png in Resources */,
				7B45C4B11722DC1400F18634 /* airport72x72.png in Resources */,
				7B45C4B21722DC1400F18634 /* utilities72.png in Resources */,
				7B45C4B31722DC1400F18634 /* utilities114x114.png in Resources */,
				7B45C4B41722DC1400F18634 /* amber_dot.png in Resources */,
				7B60D61C1723EAAC00ED9C42 /* gray_dot.png in Resources */,
				7B60D61E1723ED9900ED9C42 /* pc.png in Resources */,
				7B60D6201723EDA400ED9C42 /* apple.png in Resources */,
				7B389BBE172A4CC7006B7E43 /* home.png in Resources */,
			);
			runOnlyForDeploymentPostprocessing = 0;
		};
/* End PBXResourcesBuildPhase section */

/* Begin PBXSourcesBuildPhase section */
		7BBB68CC170E15B60088426F /* Sources */ = {
			isa = PBXSourcesBuildPhase;
			buildActionMask = 2147483647;
			files = (
				7B45C4B91722FE5700F18634 /* Reachability.m in Sources */,
				7BBB68E2170E15B60088426F /* main.m in Sources */,
				7BBB68E6170E15B60088426F /* AppDelegate.m in Sources */,
				7BBB68F5170E15B70088426F /* NetworkScanner.xcdatamodeld in Sources */,
				7BBB68F8170E15B70088426F /* MasterViewController.m in Sources */,
				7BBB68FB170E15B70088426F /* DetailViewController.m in Sources */,
				7BBB694B170EF6EB0088426F /* AboutViewController.m in Sources */,
				7B45C4951722C65000F18634 /* LocalHost.m in Sources */,
				7B60D5E41723CCD700ED9C42 /* LanViewController.m in Sources */,
				7B60D61A1723D4C800ED9C42 /* InformationViewController.m in Sources */,
				7B05A6C5172C2DE10042B505 /* Host.m in Sources */,
				7B05A6CB172C4F4F0042B505 /* PingViewController.m in Sources */,
				7B05A6D8172D34460042B505 /* SimplePing.m in Sources */,
			);
			runOnlyForDeploymentPostprocessing = 0;
		};
/* End PBXSourcesBuildPhase section */

/* Begin PBXVariantGroup section */
		7BBB68DE170E15B60088426F /* InfoPlist.strings */ = {
			isa = PBXVariantGroup;
			children = (
				7BBB68DF170E15B60088426F /* en */,
			);
			name = InfoPlist.strings;
			sourceTree = "<group>";
		};
		7BBB68ED170E15B70088426F /* MainStoryboard_iPhone.storyboard */ = {
			isa = PBXVariantGroup;
			children = (
				7BBB68EE170E15B70088426F /* en */,
			);
			name = MainStoryboard_iPhone.storyboard;
			sourceTree = "<group>";
		};
		7BBB68F0170E15B70088426F /* MainStoryboard_iPad.storyboard */ = {
			isa = PBXVariantGroup;
			children = (
				7BBB68F1170E15B70088426F /* en */,
			);
			name = MainStoryboard_iPad.storyboard;
			sourceTree = "<group>";
		};
/* End PBXVariantGroup section */

/* Begin XCBuildConfiguration section */
		7BBB68FC170E15B70088426F /* Debug */ = {
			isa = XCBuildConfiguration;
			buildSettings = {
				ALWAYS_SEARCH_USER_PATHS = NO;
				CLANG_CXX_LANGUAGE_STANDARD = "gnu++0x";
				CLANG_CXX_LIBRARY = "libc++";
				CLANG_ENABLE_OBJC_ARC = YES;
				CLANG_WARN_CONSTANT_CONVERSION = YES;
				CLANG_WARN_EMPTY_BODY = YES;
				CLANG_WARN_ENUM_CONVERSION = YES;
				CLANG_WARN_INT_CONVERSION = YES;
				CLANG_WARN__DUPLICATE_METHOD_MATCH = YES;
				"CODE_SIGN_IDENTITY[sdk=iphoneos*]" = "iPhone Developer";
				COPY_PHASE_STRIP = NO;
				GCC_C_LANGUAGE_STANDARD = gnu99;
				GCC_DYNAMIC_NO_PIC = NO;
				GCC_OPTIMIZATION_LEVEL = 0;
				GCC_PREPROCESSOR_DEFINITIONS = (
					"DEBUG=1",
					"$(inherited)",
				);
				GCC_SYMBOLS_PRIVATE_EXTERN = NO;
				GCC_WARN_ABOUT_RETURN_TYPE = YES;
				GCC_WARN_UNINITIALIZED_AUTOS = YES;
				GCC_WARN_UNUSED_VARIABLE = YES;
				IPHONEOS_DEPLOYMENT_TARGET = 6.1;
				ONLY_ACTIVE_ARCH = YES;
				SDKROOT = iphoneos;
				TARGETED_DEVICE_FAMILY = "1,2";
			};
			name = Debug;
		};
		7BBB68FD170E15B70088426F /* Release */ = {
			isa = XCBuildConfiguration;
			buildSettings = {
				ALWAYS_SEARCH_USER_PATHS = NO;
				CLANG_CXX_LANGUAGE_STANDARD = "gnu++0x";
				CLANG_CXX_LIBRARY = "libc++";
				CLANG_ENABLE_OBJC_ARC = YES;
				CLANG_WARN_CONSTANT_CONVERSION = YES;
				CLANG_WARN_EMPTY_BODY = YES;
				CLANG_WARN_ENUM_CONVERSION = YES;
				CLANG_WARN_INT_CONVERSION = YES;
				CLANG_WARN__DUPLICATE_METHOD_MATCH = YES;
				"CODE_SIGN_IDENTITY[sdk=iphoneos*]" = "iPhone Developer";
				COPY_PHASE_STRIP = YES;
				GCC_C_LANGUAGE_STANDARD = gnu99;
				GCC_WARN_ABOUT_RETURN_TYPE = YES;
				GCC_WARN_UNINITIALIZED_AUTOS = YES;
				GCC_WARN_UNUSED_VARIABLE = YES;
				IPHONEOS_DEPLOYMENT_TARGET = 6.1;
				OTHER_CFLAGS = "-DNS_BLOCK_ASSERTIONS=1";
				SDKROOT = iphoneos;
				TARGETED_DEVICE_FAMILY = "1,2";
				VALIDATE_PRODUCT = YES;
			};
			name = Release;
		};
		7BBB68FF170E15B70088426F /* Debug */ = {
			isa = XCBuildConfiguration;
			buildSettings = {
				"FRAMEWORK_SEARCH_PATHS[arch=*]" = "";
				GCC_PRECOMPILE_PREFIX_HEADER = YES;
				GCC_PREFIX_HEADER = "NetworkScanner/NetworkScanner-Prefix.pch";
				INFOPLIST_FILE = "NetworkScanner/NetworkScanner-Info.plist";
				PRODUCT_NAME = "$(TARGET_NAME)";
				TARGETED_DEVICE_FAMILY = "1,2";
				WRAPPER_EXTENSION = app;
			};
			name = Debug;
		};
		7BBB6900170E15B70088426F /* Release */ = {
			isa = XCBuildConfiguration;
			buildSettings = {
				GCC_PRECOMPILE_PREFIX_HEADER = YES;
				GCC_PREFIX_HEADER = "NetworkScanner/NetworkScanner-Prefix.pch";
				INFOPLIST_FILE = "NetworkScanner/NetworkScanner-Info.plist";
				PRODUCT_NAME = "$(TARGET_NAME)";
				TARGETED_DEVICE_FAMILY = "1,2";
				WRAPPER_EXTENSION = app;
			};
			name = Release;
		};
/* End XCBuildConfiguration section */

/* Begin XCConfigurationList section */
		7BBB68CB170E15B60088426F /* Build configuration list for PBXProject "NetworkScanner" */ = {
			isa = XCConfigurationList;
			buildConfigurations = (
				7BBB68FC170E15B70088426F /* Debug */,
				7BBB68FD170E15B70088426F /* Release */,
			);
			defaultConfigurationIsVisible = 0;
			defaultConfigurationName = Release;
		};
		7BBB68FE170E15B70088426F /* Build configuration list for PBXNativeTarget "NetworkScanner" */ = {
			isa = XCConfigurationList;
			buildConfigurations = (
				7BBB68FF170E15B70088426F /* Debug */,
				7BBB6900170E15B70088426F /* Release */,
			);
			defaultConfigurationIsVisible = 0;
			defaultConfigurationName = Release;
		};
/* End XCConfigurationList section */

/* Begin XCVersionGroup section */
		7BBB68F3170E15B70088426F /* NetworkScanner.xcdatamodeld */ = {
			isa = XCVersionGroup;
			children = (
				7BBB68F4170E15B70088426F /* NetworkScanner.xcdatamodel */,
			);
			currentVersion = 7BBB68F4170E15B70088426F /* NetworkScanner.xcdatamodel */;
			path = NetworkScanner.xcdatamodeld;
			sourceTree = "<group>";
			versionGroupType = wrapper.xcdatamodel;
		};
/* End XCVersionGroup section */
	};
	rootObject = 7BBB68C8170E15B60088426F /* Project object */;
}
